// !$*UTF8*$!
{
	archiveVersion = 1;
	classes = {
	};
	objectVersion = 50;
	objects = {

/* Begin PBXBuildFile section */
		4EC6164D7F0F8D4D1C8E8BAF /* Pods_Project_3_Palmer_McKay.framework in Frameworks */ = {isa = PBXBuildFile; fileRef = CAD367B768642C08F249662D /* Pods_Project_3_Palmer_McKay.framework */; };
		E589293C2193D7B200AD284C /* AppDelegate.swift in Sources */ = {isa = PBXBuildFile; fileRef = E589293B2193D7B200AD284C /* AppDelegate.swift */; };
		E589293E2193D7B200AD284C /* ViewController.swift in Sources */ = {isa = PBXBuildFile; fileRef = E589293D2193D7B200AD284C /* ViewController.swift */; };
		E58929412193D7B200AD284C /* Main.storyboard in Resources */ = {isa = PBXBuildFile; fileRef = E589293F2193D7B200AD284C /* Main.storyboard */; };
		E58929432193D7B500AD284C /* Assets.xcassets in Resources */ = {isa = PBXBuildFile; fileRef = E58929422193D7B500AD284C /* Assets.xcassets */; };
		E58929462193D7B500AD284C /* LaunchScreen.storyboard in Resources */ = {isa = PBXBuildFile; fileRef = E58929442193D7B500AD284C /* LaunchScreen.storyboard */; };
		E589295B2193E3E100AD284C /* GeoDatabase.swift in Sources */ = {isa = PBXBuildFile; fileRef = E58929522193E3E000AD284C /* GeoDatabase.swift */; };
		E589295C2193E3E100AD284C /* geocode.js in Resources */ = {isa = PBXBuildFile; fileRef = E58929532193E3E000AD284C /* geocode.js */; };
		E589295D2193E3E100AD284C /* String+Extensions.swift in Sources */ = {isa = PBXBuildFile; fileRef = E58929542193E3E000AD284C /* String+Extensions.swift */; };
		E589295E2193E3E100AD284C /* Book.swift in Sources */ = {isa = PBXBuildFile; fileRef = E58929552193E3E000AD284C /* Book.swift */; };
		E589295F2193E3E100AD284C /* geo.21.sqlite in Resources */ = {isa = PBXBuildFile; fileRef = E58929562193E3E000AD284C /* geo.21.sqlite */; };
		E58929602193E3E100AD284C /* GeoPlace.swift in Sources */ = {isa = PBXBuildFile; fileRef = E58929572193E3E000AD284C /* GeoPlace.swift */; };
		E58929612193E3E100AD284C /* scripture.css in Resources */ = {isa = PBXBuildFile; fileRef = E58929582193E3E100AD284C /* scripture.css */; };
		E58929622193E3E100AD284C /* Scripture.swift in Sources */ = {isa = PBXBuildFile; fileRef = E58929592193E3E100AD284C /* Scripture.swift */; };
		E58929632193E3E100AD284C /* ScriptureRenderer.swift in Sources */ = {isa = PBXBuildFile; fileRef = E589295A2193E3E100AD284C /* ScriptureRenderer.swift */; };
/* End PBXBuildFile section */

/* Begin PBXFileReference section */
		C26C864DB9CF3790CAE25FB2 /* Pods-Project 3 Palmer McKay.release.xcconfig */ = {isa = PBXFileReference; includeInIndex = 1; lastKnownFileType = text.xcconfig; name = "Pods-Project 3 Palmer McKay.release.xcconfig"; path = "Pods/Target Support Files/Pods-Project 3 Palmer McKay/Pods-Project 3 Palmer McKay.release.xcconfig"; sourceTree = "<group>"; };
		CAD367B768642C08F249662D /* Pods_Project_3_Palmer_McKay.framework */ = {isa = PBXFileReference; explicitFileType = wrapper.framework; includeInIndex = 0; path = Pods_Project_3_Palmer_McKay.framework; sourceTree = BUILT_PRODUCTS_DIR; };
		E58929382193D7B200AD284C /* Project 3 Palmer McKay.app */ = {isa = PBXFileReference; explicitFileType = wrapper.application; includeInIndex = 0; path = "Project 3 Palmer McKay.app"; sourceTree = BUILT_PRODUCTS_DIR; };
		E589293B2193D7B200AD284C /* AppDelegate.swift */ = {isa = PBXFileReference; lastKnownFileType = sourcecode.swift; path = AppDelegate.swift; sourceTree = "<group>"; };
		E589293D2193D7B200AD284C /* ViewController.swift */ = {isa = PBXFileReference; lastKnownFileType = sourcecode.swift; path = ViewController.swift; sourceTree = "<group>"; };
		E58929402193D7B200AD284C /* Base */ = {isa = PBXFileReference; lastKnownFileType = file.storyboard; name = Base; path = Base.lproj/Main.storyboard; sourceTree = "<group>"; };
		E58929422193D7B500AD284C /* Assets.xcassets */ = {isa = PBXFileReference; lastKnownFileType = folder.assetcatalog; path = Assets.xcassets; sourceTree = "<group>"; };
		E58929452193D7B500AD284C /* Base */ = {isa = PBXFileReference; lastKnownFileType = file.storyboard; name = Base; path = Base.lproj/LaunchScreen.storyboard; sourceTree = "<group>"; };
		E58929472193D7B500AD284C /* Info.plist */ = {isa = PBXFileReference; lastKnownFileType = text.plist.xml; path = Info.plist; sourceTree = "<group>"; };
		E58929522193E3E000AD284C /* GeoDatabase.swift */ = {isa = PBXFileReference; fileEncoding = 4; lastKnownFileType = sourcecode.swift; name = GeoDatabase.swift; path = "Project 3 Palmer McKay/Model/GeoDatabase.swift"; sourceTree = SOURCE_ROOT; };
		E58929532193E3E000AD284C /* geocode.js */ = {isa = PBXFileReference; fileEncoding = 4; lastKnownFileType = sourcecode.javascript; name = geocode.js; path = "Project 3 Palmer McKay/View/HTML/geocode.js"; sourceTree = SOURCE_ROOT; };
		E58929542193E3E000AD284C /* String+Extensions.swift */ = {isa = PBXFileReference; fileEncoding = 4; lastKnownFileType = sourcecode.swift; name = "String+Extensions.swift"; path = "Project 3 Palmer McKay/String+Extensions.swift"; sourceTree = SOURCE_ROOT; };
		E58929552193E3E000AD284C /* Book.swift */ = {isa = PBXFileReference; fileEncoding = 4; lastKnownFileType = sourcecode.swift; name = Book.swift; path = "Project 3 Palmer McKay/Model/Book.swift"; sourceTree = SOURCE_ROOT; };
		E58929562193E3E000AD284C /* geo.21.sqlite */ = {isa = PBXFileReference; lastKnownFileType = file; name = geo.21.sqlite; path = "Project 3 Palmer McKay/geo.21.sqlite"; sourceTree = SOURCE_ROOT; };
		E58929572193E3E000AD284C /* GeoPlace.swift */ = {isa = PBXFileReference; fileEncoding = 4; lastKnownFileType = sourcecode.swift; name = GeoPlace.swift; path = "Project 3 Palmer McKay/Model/GeoPlace.swift"; sourceTree = SOURCE_ROOT; };
		E58929582193E3E100AD284C /* scripture.css */ = {isa = PBXFileReference; fileEncoding = 4; lastKnownFileType = text.css; name = scripture.css; path = "Project 3 Palmer McKay/View/HTML/scripture.css"; sourceTree = SOURCE_ROOT; };
		E58929592193E3E100AD284C /* Scripture.swift */ = {isa = PBXFileReference; fileEncoding = 4; lastKnownFileType = sourcecode.swift; name = Scripture.swift; path = "Project 3 Palmer McKay/Model/Scripture.swift"; sourceTree = SOURCE_ROOT; };
		E589295A2193E3E100AD284C /* ScriptureRenderer.swift */ = {isa = PBXFileReference; fileEncoding = 4; lastKnownFileType = sourcecode.swift; name = ScriptureRenderer.swift; path = "Project 3 Palmer McKay/View/HTML/ScriptureRenderer.swift"; sourceTree = SOURCE_ROOT; };
		EC8E7C93022E9444664245AA /* Pods-Project 3 Palmer McKay.debug.xcconfig */ = {isa = PBXFileReference; includeInIndex = 1; lastKnownFileType = text.xcconfig; name = "Pods-Project 3 Palmer McKay.debug.xcconfig"; path = "Pods/Target Support Files/Pods-Project 3 Palmer McKay/Pods-Project 3 Palmer McKay.debug.xcconfig"; sourceTree = "<group>"; };
/* End PBXFileReference section */

/* Begin PBXFrameworksBuildPhase section */
		E58929352193D7B200AD284C /* Frameworks */ = {
			isa = PBXFrameworksBuildPhase;
			buildActionMask = 2147483647;
			files = (
				4EC6164D7F0F8D4D1C8E8BAF /* Pods_Project_3_Palmer_McKay.framework in Frameworks */,
			);
			runOnlyForDeploymentPostprocessing = 0;
		};
/* End PBXFrameworksBuildPhase section */

/* Begin PBXGroup section */
		C1644DB36D2735955673D975 /* Frameworks */ = {
			isa = PBXGroup;
			children = (
				CAD367B768642C08F249662D /* Pods_Project_3_Palmer_McKay.framework */,
			);
			name = Frameworks;
			sourceTree = "<group>";
		};
		DAE8E6A0EDA32C45225FAB7D /* Pods */ = {
			isa = PBXGroup;
			children = (
				EC8E7C93022E9444664245AA /* Pods-Project 3 Palmer McKay.debug.xcconfig */,
				C26C864DB9CF3790CAE25FB2 /* Pods-Project 3 Palmer McKay.release.xcconfig */,
			);
			name = Pods;
			sourceTree = "<group>";
		};
		E589292F2193D7B200AD284C = {
			isa = PBXGroup;
			children = (
				E589293A2193D7B200AD284C /* Project 3 Palmer McKay */,
				E58929392193D7B200AD284C /* Products */,
				DAE8E6A0EDA32C45225FAB7D /* Pods */,
				C1644DB36D2735955673D975 /* Frameworks */,
			);
			sourceTree = "<group>";
		};
		E58929392193D7B200AD284C /* Products */ = {
			isa = PBXGroup;
			children = (
				E58929382193D7B200AD284C /* Project 3 Palmer McKay.app */,
			);
			name = Products;
			sourceTree = "<group>";
		};
		E589293A2193D7B200AD284C /* Project 3 Palmer McKay */ = {
			isa = PBXGroup;
			children = (
				E58929512193DE6900AD284C /* Model */,
				E58929502193DE6100AD284C /* View */,
				E589294F2193DE5300AD284C /* Controller */,
				E589294D2193DE2A00AD284C /* Supporting Files */,
			);
			path = "Project 3 Palmer McKay";
			sourceTree = "<group>";
		};
		E589294D2193DE2A00AD284C /* Supporting Files */ = {
			isa = PBXGroup;
			children = (
				E58929562193E3E000AD284C /* geo.21.sqlite */,
				E58929472193D7B500AD284C /* Info.plist */,
				E58929422193D7B500AD284C /* Assets.xcassets */,
				E58929542193E3E000AD284C /* String+Extensions.swift */,
			);
			name = "Supporting Files";
			sourceTree = "<group>";
		};
		E589294F2193DE5300AD284C /* Controller */ = {
			isa = PBXGroup;
			children = (
				E589293B2193D7B200AD284C /* AppDelegate.swift */,
				E589293D2193D7B200AD284C /* ViewController.swift */,
			);
			path = Controller;
			sourceTree = "<group>";
		};
		E58929502193DE6100AD284C /* View */ = {
			isa = PBXGroup;
			children = (
				E58929642193E43A00AD284C /* HTML */,
				E58929442193D7B500AD284C /* LaunchScreen.storyboard */,
				E589293F2193D7B200AD284C /* Main.storyboard */,
			);
			path = View;
			sourceTree = "<group>";
		};
		E58929512193DE6900AD284C /* Model */ = {
			isa = PBXGroup;
			children = (
				E58929552193E3E000AD284C /* Book.swift */,
				E58929522193E3E000AD284C /* GeoDatabase.swift */,
				E58929572193E3E000AD284C /* GeoPlace.swift */,
				E58929592193E3E100AD284C /* Scripture.swift */,
			);
			path = Model;
			sourceTree = "<group>";
		};
		E58929642193E43A00AD284C /* HTML */ = {
			isa = PBXGroup;
			children = (
				E58929532193E3E000AD284C /* geocode.js */,
				E58929582193E3E100AD284C /* scripture.css */,
				E589295A2193E3E100AD284C /* ScriptureRenderer.swift */,
			);
			path = HTML;
			sourceTree = "<group>";
		};
/* End PBXGroup section */

/* Begin PBXNativeTarget section */
		E58929372193D7B200AD284C /* Project 3 Palmer McKay */ = {
			isa = PBXNativeTarget;
			buildConfigurationList = E589294A2193D7B500AD284C /* Build configuration list for PBXNativeTarget "Project 3 Palmer McKay" */;
			buildPhases = (
				8A4AF97611095944041BD2FA /* [CP] Check Pods Manifest.lock */,
				E58929342193D7B200AD284C /* Sources */,
				E58929352193D7B200AD284C /* Frameworks */,
				E58929362193D7B200AD284C /* Resources */,
				00EDB694639C80DF837162EA /* [CP] Embed Pods Frameworks */,
			);
			buildRules = (
			);
			dependencies = (
			);
			name = "Project 3 Palmer McKay";
			productName = "Project 3 Palmer McKay";
			productReference = E58929382193D7B200AD284C /* Project 3 Palmer McKay.app */;
			productType = "com.apple.product-type.application";
		};
/* End PBXNativeTarget section */

/* Begin PBXProject section */
		E58929302193D7B200AD284C /* Project object */ = {
			isa = PBXProject;
			attributes = {
				LastSwiftUpdateCheck = 1010;
				LastUpgradeCheck = 1010;
				ORGANIZATIONNAME = "McKay Palmer";
				TargetAttributes = {
					E58929372193D7B200AD284C = {
						CreatedOnToolsVersion = 10.1;
					};
				};
			};
			buildConfigurationList = E58929332193D7B200AD284C /* Build configuration list for PBXProject "Project 3 Palmer McKay" */;
			compatibilityVersion = "Xcode 9.3";
			developmentRegion = en;
			hasScannedForEncodings = 0;
			knownRegions = (
				en,
				Base,
			);
			mainGroup = E589292F2193D7B200AD284C;
			productRefGroup = E58929392193D7B200AD284C /* Products */;
			projectDirPath = "";
			projectRoot = "";
			targets = (
				E58929372193D7B200AD284C /* Project 3 Palmer McKay */,
			);
		};
/* End PBXProject section */

/* Begin PBXResourcesBuildPhase section */
		E58929362193D7B200AD284C /* Resources */ = {
			isa = PBXResourcesBuildPhase;
			buildActionMask = 2147483647;
			files = (
				E58929462193D7B500AD284C /* LaunchScreen.storyboard in Resources */,
				E58929612193E3E100AD284C /* scripture.css in Resources */,
				E589295F2193E3E100AD284C /* geo.21.sqlite in Resources */,
				E58929432193D7B500AD284C /* Assets.xcassets in Resources */,
				E58929412193D7B200AD284C /* Main.storyboard in Resources */,
				E589295C2193E3E100AD284C /* geocode.js in Resources */,
			);
			runOnlyForDeploymentPostprocessing = 0;
		};
/* End PBXResourcesBuildPhase section */

/* Begin PBXShellScriptBuildPhase section */
		00EDB694639C80DF837162EA /* [CP] Embed Pods Frameworks */ = {
			isa = PBXShellScriptBuildPhase;
			buildActionMask = 2147483647;
			files = (
			);
			inputFileListPaths = (
			);
			inputPaths = (
				"${SRCROOT}/Pods/Target Support Files/Pods-Project 3 Palmer McKay/Pods-Project 3 Palmer McKay-frameworks.sh",
				"${BUILT_PRODUCTS_DIR}/GRDB.swift/GRDB.framework",
			);
			name = "[CP] Embed Pods Frameworks";
			outputFileListPaths = (
			);
			outputPaths = (
				"${TARGET_BUILD_DIR}/${FRAMEWORKS_FOLDER_PATH}/GRDB.framework",
			);
			runOnlyForDeploymentPostprocessing = 0;
			shellPath = /bin/sh;
			shellScript = "\"${SRCROOT}/Pods/Target Support Files/Pods-Project 3 Palmer McKay/Pods-Project 3 Palmer McKay-frameworks.sh\"\n";
			showEnvVarsInLog = 0;
		};
		8A4AF97611095944041BD2FA /* [CP] Check Pods Manifest.lock */ = {
			isa = PBXShellScriptBuildPhase;
			buildActionMask = 2147483647;
			files = (
			);
			inputFileListPaths = (
			);
			inputPaths = (
				"${PODS_PODFILE_DIR_PATH}/Podfile.lock",
				"${PODS_ROOT}/Manifest.lock",
			);
			name = "[CP] Check Pods Manifest.lock";
			outputFileListPaths = (
			);
			outputPaths = (
				"$(DERIVED_FILE_DIR)/Pods-Project 3 Palmer McKay-checkManifestLockResult.txt",
			);
			runOnlyForDeploymentPostprocessing = 0;
			shellPath = /bin/sh;
			shellScript = "diff \"${PODS_PODFILE_DIR_PATH}/Podfile.lock\" \"${PODS_ROOT}/Manifest.lock\" > /dev/null\nif [ $? != 0 ] ; then\n    # print error to STDERR\n    echo \"error: The sandbox is not in sync with the Podfile.lock. Run 'pod install' or update your CocoaPods installation.\" >&2\n    exit 1\nfi\n# This output is used by Xcode 'outputs' to avoid re-running this script phase.\necho \"SUCCESS\" > \"${SCRIPT_OUTPUT_FILE_0}\"\n";
			showEnvVarsInLog = 0;
		};
/* End PBXShellScriptBuildPhase section */

/* Begin PBXSourcesBuildPhase section */
		E58929342193D7B200AD284C /* Sources */ = {
			isa = PBXSourcesBuildPhase;
			buildActionMask = 2147483647;
			files = (
				E589295D2193E3E100AD284C /* String+Extensions.swift in Sources */,
				E589295B2193E3E100AD284C /* GeoDatabase.swift in Sources */,
				E58929632193E3E100AD284C /* ScriptureRenderer.swift in Sources */,
				E589293E2193D7B200AD284C /* ViewController.swift in Sources */,
				E58929622193E3E100AD284C /* Scripture.swift in Sources */,
				E58929602193E3E100AD284C /* GeoPlace.swift in Sources */,
				E589295E2193E3E100AD284C /* Book.swift in Sources */,
				E589293C2193D7B200AD284C /* AppDelegate.swift in Sources */,
			);
			runOnlyForDeploymentPostprocessing = 0;
		};
/* End PBXSourcesBuildPhase section */

/* Begin PBXVariantGroup section */
		E589293F2193D7B200AD284C /* Main.storyboard */ = {
			isa = PBXVariantGroup;
			children = (
				E58929402193D7B200AD284C /* Base */,
			);
			name = Main.storyboard;
			sourceTree = "<group>";
		};
		E58929442193D7B500AD284C /* LaunchScreen.storyboard */ = {
			isa = PBXVariantGroup;
			children = (
				E58929452193D7B500AD284C /* Base */,
			);
			name = LaunchScreen.storyboard;
			sourceTree = "<group>";
		};
/* End PBXVariantGroup section */

/* Begin XCBuildConfiguration section */
		E58929482193D7B500AD284C /* Debug */ = {
			isa = XCBuildConfiguration;
			buildSettings = {
				ALWAYS_SEARCH_USER_PATHS = NO;
				CLANG_ANALYZER_NONNULL = YES;
				CLANG_ANALYZER_NUMBER_OBJECT_CONVERSION = YES_AGGRESSIVE;
				CLANG_CXX_LANGUAGE_STANDARD = "gnu++14";
				CLANG_CXX_LIBRARY = "libc++";
				CLANG_ENABLE_MODULES = YES;
				CLANG_ENABLE_OBJC_ARC = YES;
				CLANG_ENABLE_OBJC_WEAK = YES;
				CLANG_WARN_BLOCK_CAPTURE_AUTORELEASING = YES;
				CLANG_WARN_BOOL_CONVERSION = YES;
				CLANG_WARN_COMMA = YES;
				CLANG_WARN_CONSTANT_CONVERSION = YES;
				CLANG_WARN_DEPRECATED_OBJC_IMPLEMENTATIONS = YES;
				CLANG_WARN_DIRECT_OBJC_ISA_USAGE = YES_ERROR;
				CLANG_WARN_DOCUMENTATION_COMMENTS = YES;
				CLANG_WARN_EMPTY_BODY = YES;
				CLANG_WARN_ENUM_CONVERSION = YES;
				CLANG_WARN_INFINITE_RECURSION = YES;
				CLANG_WARN_INT_CONVERSION = YES;
				CLANG_WARN_NON_LITERAL_NULL_CONVERSION = YES;
				CLANG_WARN_OBJC_IMPLICIT_RETAIN_SELF = YES;
				CLANG_WARN_OBJC_LITERAL_CONVERSION = YES;
				CLANG_WARN_OBJC_ROOT_CLASS = YES_ERROR;
				CLANG_WARN_RANGE_LOOP_ANALYSIS = YES;
				CLANG_WARN_STRICT_PROTOTYPES = YES;
				CLANG_WARN_SUSPICIOUS_MOVE = YES;
				CLANG_WARN_UNGUARDED_AVAILABILITY = YES_AGGRESSIVE;
				CLANG_WARN_UNREACHABLE_CODE = YES;
				CLANG_WARN__DUPLICATE_METHOD_MATCH = YES;
				CODE_SIGN_IDENTITY = "iPhone Developer";
				COPY_PHASE_STRIP = NO;
				DEBUG_INFORMATION_FORMAT = dwarf;
				ENABLE_STRICT_OBJC_MSGSEND = YES;
				ENABLE_TESTABILITY = YES;
				GCC_C_LANGUAGE_STANDARD = gnu11;
				GCC_DYNAMIC_NO_PIC = NO;
				GCC_NO_COMMON_BLOCKS = YES;
				GCC_OPTIMIZATION_LEVEL = 0;
				GCC_PREPROCESSOR_DEFINITIONS = (
					"DEBUG=1",
					"$(inherited)",
				);
				GCC_WARN_64_TO_32_BIT_CONVERSION = YES;
				GCC_WARN_ABOUT_RETURN_TYPE = YES_ERROR;
				GCC_WARN_UNDECLARED_SELECTOR = YES;
				GCC_WARN_UNINITIALIZED_AUTOS = YES_AGGRESSIVE;
				GCC_WARN_UNUSED_FUNCTION = YES;
				GCC_WARN_UNUSED_VARIABLE = YES;
				IPHONEOS_DEPLOYMENT_TARGET = 12.1;
				MTL_ENABLE_DEBUG_INFO = INCLUDE_SOURCE;
				MTL_FAST_MATH = YES;
				ONLY_ACTIVE_ARCH = YES;
				SDKROOT = iphoneos;
				SWIFT_ACTIVE_COMPILATION_CONDITIONS = DEBUG;
				SWIFT_OPTIMIZATION_LEVEL = "-Onone";
			};
			name = Debug;
		};
		E58929492193D7B500AD284C /* Release */ = {
			isa = XCBuildConfiguration;
			buildSettings = {
				ALWAYS_SEARCH_USER_PATHS = NO;
				CLANG_ANALYZER_NONNULL = YES;
				CLANG_ANALYZER_NUMBER_OBJECT_CONVERSION = YES_AGGRESSIVE;
				CLANG_CXX_LANGUAGE_STANDARD = "gnu++14";
				CLANG_CXX_LIBRARY = "libc++";
				CLANG_ENABLE_MODULES = YES;
				CLANG_ENABLE_OBJC_ARC = YES;
				CLANG_ENABLE_OBJC_WEAK = YES;
				CLANG_WARN_BLOCK_CAPTURE_AUTORELEASING = YES;
				CLANG_WARN_BOOL_CONVERSION = YES;
				CLANG_WARN_COMMA = YES;
				CLANG_WARN_CONSTANT_CONVERSION = YES;
				CLANG_WARN_DEPRECATED_OBJC_IMPLEMENTATIONS = YES;
				CLANG_WARN_DIRECT_OBJC_ISA_USAGE = YES_ERROR;
				CLANG_WARN_DOCUMENTATION_COMMENTS = YES;
				CLANG_WARN_EMPTY_BODY = YES;
				CLANG_WARN_ENUM_CONVERSION = YES;
				CLANG_WARN_INFINITE_RECURSION = YES;
				CLANG_WARN_INT_CONVERSION = YES;
				CLANG_WARN_NON_LITERAL_NULL_CONVERSION = YES;
				CLANG_WARN_OBJC_IMPLICIT_RETAIN_SELF = YES;
				CLANG_WARN_OBJC_LITERAL_CONVERSION = YES;
				CLANG_WARN_OBJC_ROOT_CLASS = YES_ERROR;
				CLANG_WARN_RANGE_LOOP_ANALYSIS = YES;
				CLANG_WARN_STRICT_PROTOTYPES = YES;
				CLANG_WARN_SUSPICIOUS_MOVE = YES;
				CLANG_WARN_UNGUARDED_AVAILABILITY = YES_AGGRESSIVE;
				CLANG_WARN_UNREACHABLE_CODE = YES;
				CLANG_WARN__DUPLICATE_METHOD_MATCH = YES;
				CODE_SIGN_IDENTITY = "iPhone Developer";
				COPY_PHASE_STRIP = NO;
				DEBUG_INFORMATION_FORMAT = "dwarf-with-dsym";
				ENABLE_NS_ASSERTIONS = NO;
				ENABLE_STRICT_OBJC_MSGSEND = YES;
				GCC_C_LANGUAGE_STANDARD = gnu11;
				GCC_NO_COMMON_BLOCKS = YES;
				GCC_WARN_64_TO_32_BIT_CONVERSION = YES;
				GCC_WARN_ABOUT_RETURN_TYPE = YES_ERROR;
				GCC_WARN_UNDECLARED_SELECTOR = YES;
				GCC_WARN_UNINITIALIZED_AUTOS = YES_AGGRESSIVE;
				GCC_WARN_UNUSED_FUNCTION = YES;
				GCC_WARN_UNUSED_VARIABLE = YES;
				IPHONEOS_DEPLOYMENT_TARGET = 12.1;
				MTL_ENABLE_DEBUG_INFO = NO;
				MTL_FAST_MATH = YES;
				SDKROOT = iphoneos;
				SWIFT_COMPILATION_MODE = wholemodule;
				SWIFT_OPTIMIZATION_LEVEL = "-O";
				VALIDATE_PRODUCT = YES;
			};
			name = Release;
		};
		E589294B2193D7B500AD284C /* Debug */ = {
			isa = XCBuildConfiguration;
			baseConfigurationReference = EC8E7C93022E9444664245AA /* Pods-Project 3 Palmer McKay.debug.xcconfig */;
			buildSettings = {
				ASSETCATALOG_COMPILER_APPICON_NAME = AppIcon;
				CODE_SIGN_STYLE = Automatic;
				INFOPLIST_FILE = "Project 3 Palmer McKay/Info.plist";
				LD_RUNPATH_SEARCH_PATHS = (
					"$(inherited)",
					"@executable_path/Frameworks",
				);
				PRODUCT_BUNDLE_IDENTIFIER = "mckayvp.Project-3-Palmer-McKay";
				PRODUCT_NAME = "$(TARGET_NAME)";
				SWIFT_VERSION = 4.2;
				TARGETED_DEVICE_FAMILY = "1,2";
			};
			name = Debug;
		};
		E589294C2193D7B500AD284C /* Release */ = {
			isa = XCBuildConfiguration;
			baseConfigurationReference = C26C864DB9CF3790CAE25FB2 /* Pods-Project 3 Palmer McKay.release.xcconfig */;
			buildSettings = {
				ASSETCATALOG_COMPILER_APPICON_NAME = AppIcon;
				CODE_SIGN_STYLE = Automatic;
				INFOPLIST_FILE = "Project 3 Palmer McKay/Info.plist";
				LD_RUNPATH_SEARCH_PATHS = (
					"$(inherited)",
					"@executable_path/Frameworks",
				);
				PRODUCT_BUNDLE_IDENTIFIER = "mckayvp.Project-3-Palmer-McKay";
				PRODUCT_NAME = "$(TARGET_NAME)";
				SWIFT_VERSION = 4.2;
				TARGETED_DEVICE_FAMILY = "1,2";
			};
			name = Release;
		};
/* End XCBuildConfiguration section */

/* Begin XCConfigurationList section */
		E58929332193D7B200AD284C /* Build configuration list for PBXProject "Project 3 Palmer McKay" */ = {
			isa = XCConfigurationList;
			buildConfigurations = (
				E58929482193D7B500AD284C /* Debug */,
				E58929492193D7B500AD284C /* Release */,
			);
			defaultConfigurationIsVisible = 0;
			defaultConfigurationName = Release;
		};
		E589294A2193D7B500AD284C /* Build configuration list for PBXNativeTarget "Project 3 Palmer McKay" */ = {
			isa = XCConfigurationList;
			buildConfigurations = (
				E589294B2193D7B500AD284C /* Debug */,
				E589294C2193D7B500AD284C /* Release */,
			);
			defaultConfigurationIsVisible = 0;
			defaultConfigurationName = Release;
		};
/* End XCConfigurationList section */
	};
	rootObject = E58929302193D7B200AD284C /* Project object */;
}
